
Microsoft Visual Studio Solution File, Format Version 12.00
# Visual Studio Version 17
VisualStudioVersion = 17.13.35806.99
MinimumVisualStudioVersion = 10.0.40219.1
Project("{FAE04EC0-301F-11D3-BF4B-00C04F79EFBC}") = "MemotecasApi", "MemotecasApi.csproj", "{DC33B489-8276-4412-82A1-0DC07A4AAD81}"
EndProject
Project("{FAE04EC0-301F-11D3-BF4B-00C04F79EFBC}") = "Domain", "..\Domain\Domain.csproj", "{D7D5D892-F164-48CE-8C83-07CC5B83DD38}"
EndProject
Project("{FAE04EC0-301F-11D3-BF4B-00C04F79EFBC}") = "Application", "..\Application\Application.csproj", "{A720D848-45B6-418D-85D0-65EF31F6E6EC}"
EndProject
Project("{FAE04EC0-301F-11D3-BF4B-00C04F79EFBC}") = "Repository", "..\Repository\Repository.csproj", "{C6F62C41-97AB-4F4A-8B3D-335CD0051CB9}"
EndProject
Global
	GlobalSection(SolutionConfigurationPlatforms) = preSolution
		Debug|Any CPU = Debug|Any CPU
		Release|Any CPU = Release|Any CPU
	EndGlobalSection
	GlobalSection(ProjectConfigurationPlatforms) = postSolution
		{DC33B489-8276-4412-82A1-0DC07A4AAD81}.Debug|Any CPU.ActiveCfg = Debug|Any CPU
		{DC33B489-8276-4412-82A1-0DC07A4AAD81}.Debug|Any CPU.Build.0 = Debug|Any CPU
		{DC33B489-8276-4412-82A1-0DC07A4AAD81}.Release|Any CPU.ActiveCfg = Release|Any CPU
		{DC33B489-8276-4412-82A1-0DC07A4AAD81}.Release|Any CPU.Build.0 = Release|Any CPU
		{D7D5D892-F164-48CE-8C83-07CC5B83DD38}.Debug|Any CPU.ActiveCfg = Debug|Any CPU
		{D7D5D892-F164-48CE-8C83-07CC5B83DD38}.Debug|Any CPU.Build.0 = Debug|Any CPU
		{D7D5D892-F164-48CE-8C83-07CC5B83DD38}.Release|Any CPU.ActiveCfg = Release|Any CPU
		{D7D5D892-F164-48CE-8C83-07CC5B83DD38}.Release|Any CPU.Build.0 = Release|Any CPU
		{A720D848-45B6-418D-85D0-65EF31F6E6EC}.Debug|Any CPU.ActiveCfg = Debug|Any CPU
		{A720D848-45B6-418D-85D0-65EF31F6E6EC}.Debug|Any CPU.Build.0 = Debug|Any CPU
		{A720D848-45B6-418D-85D0-65EF31F6E6EC}.Release|Any CPU.ActiveCfg = Release|Any CPU
		{A720D848-45B6-418D-85D0-65EF31F6E6EC}.Release|Any CPU.Build.0 = Release|Any CPU
		{C6F62C41-97AB-4F4A-8B3D-335CD0051CB9}.Debug|Any CPU.ActiveCfg = Debug|Any CPU
		{C6F62C41-97AB-4F4A-8B3D-335CD0051CB9}.Debug|Any CPU.Build.0 = Debug|Any CPU
		{C6F62C41-97AB-4F4A-8B3D-335CD0051CB9}.Release|Any CPU.ActiveCfg = Release|Any CPU
		{C6F62C41-97AB-4F4A-8B3D-335CD0051CB9}.Release|Any CPU.Build.0 = Release|Any CPU
	EndGlobalSection
	GlobalSection(SolutionProperties) = preSolution
		HideSolutionNode = FALSE
	EndGlobalSection
	GlobalSection(ExtensibilityGlobals) = postSolution
		SolutionGuid = {F20C21B6-36B8-4E71-8479-8A1947A2BB6A}
	EndGlobalSection
EndGlobal
